version = 1
revision = 3
requires-python = "==3.12.*"

[[package]]
name = "app"
version = "0.1.0"
source = { virtual = "." }
dependencies = [
    { name = "google-cloud-storage" },
    { name = "google-cloud-texttospeech" },
]

[package.metadata]
requires-dist = [
    { name = "google-cloud-storage", specifier = ">=3.3.1" },
    { name = "google-cloud-texttospeech", specifier = ">=2.29.0" },
]

[[package]]
name = "cachetools"
version = "5.5.2"
source = { registry = "https://pypi.org/simple" }
sdist = { url = "https://files.pythonhosted.org/packages/6c/81/3747dad6b14fa2cf53fcf10548cf5aea6913e96fab41a3c198676f8948a5/cachetools-5.5.2.tar.gz", hash = "sha256:1a661caa9175d26759571b2e19580f9d6393969e5dfca11fdb1f947a23e640d4", size = 28380, upload-time = "2025-02-20T21:01:19.524Z" }
wheels = [
    { url = "https://files.pythonhosted.org/packages/72/76/20fa66124dbe6be5cafeb312ece67de6b61dd91a0247d1ea13db4ebb33c2/cachetools-5.5.2-py3-none-any.whl", hash = "sha256:d26a22bcc62eb95c3beabd9f1ee5e820d3d2704fe2967cbe350e20c8ffcd3f0a", size = 10080, upload-time = "2025-02-20T21:01:16.647Z" },
]

[[package]]
name = "certifi"
version = "2025.8.3"
source = { registry = "https://pypi.org/simple" }
sdist = { url = "https://files.pythonhosted.org/packages/dc/67/960ebe6bf230a96cda2e0abcf73af550ec4f090005363542f0765df162e0/certifi-2025.8.3.tar.gz", hash = "sha256:e564105f78ded564e3ae7c923924435e1daa7463faeab5bb932bc53ffae63407", size = 162386, upload-time = "2025-08-03T03:07:47.08Z" }
wheels = [
    { url = "https://files.pythonhosted.org/packages/e5/48/1549795ba7742c948d2ad169c1c8cdbae65bc450d6cd753d124b17c8cd32/certifi-2025.8.3-py3-none-any.whl", hash = "sha256:f6c12493cfb1b06ba2ff328595af9350c65d6644968e5d3a2ffd78699af217a5", size = 161216, upload-time = "2025-08-03T03:07:45.777Z" },
]

[[package]]
name = "charset-normalizer"
version = "3.4.3"
source = { registry = "https://pypi.org/simple" }
sdist = { url = "https://files.pythonhosted.org/packages/83/2d/5fd176ceb9b2fc619e63405525573493ca23441330fcdaee6bef9460e924/charset_normalizer-3.4.3.tar.gz", hash = "sha256:6fce4b8500244f6fcb71465d4a4930d132ba9ab8e71a7859e6a5d59851068d14", size = 122371, upload-time = "2025-08-09T07:57:28.46Z" }
wheels = [
    { url = "https://files.pythonhosted.org/packages/e9/5e/14c94999e418d9b87682734589404a25854d5f5d0408df68bc15b6ff54bb/charset_normalizer-3.4.3-cp312-cp312-macosx_10_13_universal2.whl", hash = "sha256:e28e334d3ff134e88989d90ba04b47d84382a828c061d0d1027b1b12a62b39b1", size = 205655, upload-time = "2025-08-09T07:56:08.475Z" },
    { url = "https://files.pythonhosted.org/packages/7d/a8/c6ec5d389672521f644505a257f50544c074cf5fc292d5390331cd6fc9c3/charset_normalizer-3.4.3-cp312-cp312-manylinux2014_aarch64.manylinux_2_17_aarch64.manylinux_2_28_aarch64.whl", hash = "sha256:0cacf8f7297b0c4fcb74227692ca46b4a5852f8f4f24b3c766dd94a1075c4884", size = 146223, upload-time = "2025-08-09T07:56:09.708Z" },
    { url = "https://files.pythonhosted.org/packages/fc/eb/a2ffb08547f4e1e5415fb69eb7db25932c52a52bed371429648db4d84fb1/charset_normalizer-3.4.3-cp312-cp312-manylinux2014_ppc64le.manylinux_2_17_ppc64le.manylinux_2_28_ppc64le.whl", hash = "sha256:c6fd51128a41297f5409deab284fecbe5305ebd7e5a1f959bee1c054622b7018", size = 159366, upload-time = "2025-08-09T07:56:11.326Z" },
    { url = "https://files.pythonhosted.org/packages/82/10/0fd19f20c624b278dddaf83b8464dcddc2456cb4b02bb902a6da126b87a1/charset_normalizer-3.4.3-cp312-cp312-manylinux2014_s390x.manylinux_2_17_s390x.manylinux_2_28_s390x.whl", hash = "sha256:3cfb2aad70f2c6debfbcb717f23b7eb55febc0bb23dcffc0f076009da10c6392", size = 157104, upload-time = "2025-08-09T07:56:13.014Z" },
    { url = "https://files.pythonhosted.org/packages/16/ab/0233c3231af734f5dfcf0844aa9582d5a1466c985bbed6cedab85af9bfe3/charset_normalizer-3.4.3-cp312-cp312-manylinux2014_x86_64.manylinux_2_17_x86_64.manylinux_2_28_x86_64.whl", hash = "sha256:1606f4a55c0fd363d754049cdf400175ee96c992b1f8018b993941f221221c5f", size = 151830, upload-time = "2025-08-09T07:56:14.428Z" },
    { url = "https://files.pythonhosted.org/packages/ae/02/e29e22b4e02839a0e4a06557b1999d0a47db3567e82989b5bb21f3fbbd9f/charset_normalizer-3.4.3-cp312-cp312-musllinux_1_2_aarch64.whl", hash = "sha256:027b776c26d38b7f15b26a5da1044f376455fb3766df8fc38563b4efbc515154", size = 148854, upload-time = "2025-08-09T07:56:16.051Z" },
    { url = "https://files.pythonhosted.org/packages/05/6b/e2539a0a4be302b481e8cafb5af8792da8093b486885a1ae4d15d452bcec/charset_normalizer-3.4.3-cp312-cp312-musllinux_1_2_ppc64le.whl", hash = "sha256:42e5088973e56e31e4fa58eb6bd709e42fc03799c11c42929592889a2e54c491", size = 160670, upload-time = "2025-08-09T07:56:17.314Z" },
    { url = "https://files.pythonhosted.org/packages/31/e7/883ee5676a2ef217a40ce0bffcc3d0dfbf9e64cbcfbdf822c52981c3304b/charset_normalizer-3.4.3-cp312-cp312-musllinux_1_2_s390x.whl", hash = "sha256:cc34f233c9e71701040d772aa7490318673aa7164a0efe3172b2981218c26d93", size = 158501, upload-time = "2025-08-09T07:56:18.641Z" },
    { url = "https://files.pythonhosted.org/packages/c1/35/6525b21aa0db614cf8b5792d232021dca3df7f90a1944db934efa5d20bb1/charset_normalizer-3.4.3-cp312-cp312-musllinux_1_2_x86_64.whl", hash = "sha256:320e8e66157cc4e247d9ddca8e21f427efc7a04bbd0ac8a9faf56583fa543f9f", size = 153173, upload-time = "2025-08-09T07:56:20.289Z" },
    { url = "https://files.pythonhosted.org/packages/50/ee/f4704bad8201de513fdc8aac1cabc87e38c5818c93857140e06e772b5892/charset_normalizer-3.4.3-cp312-cp312-win32.whl", hash = "sha256:fb6fecfd65564f208cbf0fba07f107fb661bcd1a7c389edbced3f7a493f70e37", size = 99822, upload-time = "2025-08-09T07:56:21.551Z" },
    { url = "https://files.pythonhosted.org/packages/39/f5/3b3836ca6064d0992c58c7561c6b6eee1b3892e9665d650c803bd5614522/charset_normalizer-3.4.3-cp312-cp312-win_amd64.whl", hash = "sha256:86df271bf921c2ee3818f0522e9a5b8092ca2ad8b065ece5d7d9d0e9f4849bcc", size = 107543, upload-time = "2025-08-09T07:56:23.115Z" },
    { url = "https://files.pythonhosted.org/packages/8a/1f/f041989e93b001bc4e44bb1669ccdcf54d3f00e628229a85b08d330615c5/charset_normalizer-3.4.3-py3-none-any.whl", hash = "sha256:ce571ab16d890d23b5c278547ba694193a45011ff86a9162a71307ed9f86759a", size = 53175, upload-time = "2025-08-09T07:57:26.864Z" },
]

[[package]]
name = "google-api-core"
version = "2.25.1"
source = { registry = "https://pypi.org/simple" }
dependencies = [
    { name = "google-auth" },
    { name = "googleapis-common-protos" },
    { name = "proto-plus" },
    { name = "protobuf" },
    { name = "requests" },
]
sdist = { url = "https://files.pythonhosted.org/packages/dc/21/e9d043e88222317afdbdb567165fdbc3b0aad90064c7e0c9eb0ad9955ad8/google_api_core-2.25.1.tar.gz", hash = "sha256:d2aaa0b13c78c61cb3f4282c464c046e45fbd75755683c9c525e6e8f7ed0a5e8", size = 165443, upload-time = "2025-06-12T20:52:20.439Z" }
wheels = [
    { url = "https://files.pythonhosted.org/packages/14/4b/ead00905132820b623732b175d66354e9d3e69fcf2a5dcdab780664e7896/google_api_core-2.25.1-py3-none-any.whl", hash = "sha256:8a2a56c1fef82987a524371f99f3bd0143702fecc670c72e600c1cda6bf8dbb7", size = 160807, upload-time = "2025-06-12T20:52:19.334Z" },
]

[package.optional-dependencies]
grpc = [
    { name = "grpcio" },
    { name = "grpcio-status" },
]

[[package]]
name = "google-auth"
version = "2.40.3"
source = { registry = "https://pypi.org/simple" }
dependencies = [
    { name = "cachetools" },
    { name = "pyasn1-modules" },
    { name = "rsa" },
]
sdist = { url = "https://files.pythonhosted.org/packages/9e/9b/e92ef23b84fa10a64ce4831390b7a4c2e53c0132568d99d4ae61d04c8855/google_auth-2.40.3.tar.gz", hash = "sha256:500c3a29adedeb36ea9cf24b8d10858e152f2412e3ca37829b3fa18e33d63b77", size = 281029, upload-time = "2025-06-04T18:04:57.577Z" }
wheels = [
    { url = "https://files.pythonhosted.org/packages/17/63/b19553b658a1692443c62bd07e5868adaa0ad746a0751ba62c59568cd45b/google_auth-2.40.3-py2.py3-none-any.whl", hash = "sha256:1370d4593e86213563547f97a92752fc658456fe4514c809544f330fed45a7ca", size = 216137, upload-time = "2025-06-04T18:04:55.573Z" },
]

[[package]]
name = "google-cloud-core"
version = "2.4.3"
source = { registry = "https://pypi.org/simple" }
dependencies = [
    { name = "google-api-core" },
    { name = "google-auth" },
]
sdist = { url = "https://files.pythonhosted.org/packages/d6/b8/2b53838d2acd6ec6168fd284a990c76695e84c65deee79c9f3a4276f6b4f/google_cloud_core-2.4.3.tar.gz", hash = "sha256:1fab62d7102844b278fe6dead3af32408b1df3eb06f5c7e8634cbd40edc4da53", size = 35861, upload-time = "2025-03-10T21:05:38.948Z" }
wheels = [
    { url = "https://files.pythonhosted.org/packages/40/86/bda7241a8da2d28a754aad2ba0f6776e35b67e37c36ae0c45d49370f1014/google_cloud_core-2.4.3-py2.py3-none-any.whl", hash = "sha256:5130f9f4c14b4fafdff75c79448f9495cfade0d8775facf1b09c3bf67e027f6e", size = 29348, upload-time = "2025-03-10T21:05:37.785Z" },
]

[[package]]
name = "google-cloud-storage"
version = "3.3.1"
source = { registry = "https://pypi.org/simple" }
dependencies = [
    { name = "google-api-core" },
    { name = "google-auth" },
    { name = "google-cloud-core" },
    { name = "google-crc32c" },
    { name = "google-resumable-media" },
    { name = "requests" },
]
sdist = { url = "https://files.pythonhosted.org/packages/ce/0d/6be1c7e10d1e186e22990fdc22e7ece79f7c622370793cfe88aa8c658316/google_cloud_storage-3.3.1.tar.gz", hash = "sha256:60f291b0881e5c72919b156d1ee276d1b69a2538fcdc35f4e87559ae11678f77", size = 17224623, upload-time = "2025-09-01T05:59:02.804Z" }
wheels = [
    { url = "https://files.pythonhosted.org/packages/80/67/68eee082fc77e718fa483893ac2463fe0ae8f28ccab334cea9dc5aba99b0/google_cloud_storage-3.3.1-py3-none-any.whl", hash = "sha256:8cace9359b85f315f21868cf771143d6dbb47dcc5a3a9317c8207accc4d10fd3", size = 275070, upload-time = "2025-09-01T05:59:00.633Z" },
]

[[package]]
name = "google-cloud-texttospeech"
version = "2.29.0"
source = { registry = "https://pypi.org/simple" }
dependencies = [
    { name = "google-api-core", extra = ["grpc"] },
    { name = "google-auth" },
    { name = "proto-plus" },
    { name = "protobuf" },
]
sdist = { url = "https://files.pythonhosted.org/packages/6c/22/f9ac9fb703ccb31a4bbbfe5a188642d3cce6f41e2d402c7f7d86982fdbdf/google_cloud_texttospeech-2.29.0.tar.gz", hash = "sha256:2c0b7378ba7639f70737f4a39de2493d30c85d387b8c16822c6e7e100c1c75a3", size = 184019, upload-time = "2025-09-04T14:54:38.248Z" }
wheels = [
    { url = "https://files.pythonhosted.org/packages/4c/21/9f6d8166691b153f7814e8e2aa0fdbdc1df44f7c61b8a3c98bc9abce39b6/google_cloud_texttospeech-2.29.0-py3-none-any.whl", hash = "sha256:fde126e928379958d5ef8fa7bad84ac7ede6291a6fccea8d4b218b7520b91d52", size = 190381, upload-time = "2025-09-04T14:54:25.222Z" },
]

[[package]]
name = "google-crc32c"
version = "1.7.1"
source = { registry = "https://pypi.org/simple" }
sdist = { url = "https://files.pythonhosted.org/packages/19/ae/87802e6d9f9d69adfaedfcfd599266bf386a54d0be058b532d04c794f76d/google_crc32c-1.7.1.tar.gz", hash = "sha256:2bff2305f98846f3e825dbeec9ee406f89da7962accdb29356e4eadc251bd472", size = 14495, upload-time = "2025-03-26T14:29:13.32Z" }
wheels = [
    { url = "https://files.pythonhosted.org/packages/dd/b7/787e2453cf8639c94b3d06c9d61f512234a82e1d12d13d18584bd3049904/google_crc32c-1.7.1-cp312-cp312-macosx_12_0_arm64.whl", hash = "sha256:2d73a68a653c57281401871dd4aeebbb6af3191dcac751a76ce430df4d403194", size = 30470, upload-time = "2025-03-26T14:34:31.655Z" },
    { url = "https://files.pythonhosted.org/packages/ed/b4/6042c2b0cbac3ec3a69bb4c49b28d2f517b7a0f4a0232603c42c58e22b44/google_crc32c-1.7.1-cp312-cp312-macosx_12_0_x86_64.whl", hash = "sha256:22beacf83baaf59f9d3ab2bbb4db0fb018da8e5aebdce07ef9f09fce8220285e", size = 30315, upload-time = "2025-03-26T15:01:54.634Z" },
    { url = "https://files.pythonhosted.org/packages/29/ad/01e7a61a5d059bc57b702d9ff6a18b2585ad97f720bd0a0dbe215df1ab0e/google_crc32c-1.7.1-cp312-cp312-manylinux_2_17_aarch64.manylinux2014_aarch64.whl", hash = "sha256:19eafa0e4af11b0a4eb3974483d55d2d77ad1911e6cf6f832e1574f6781fd337", size = 33180, upload-time = "2025-03-26T14:41:32.168Z" },
    { url = "https://files.pythonhosted.org/packages/3b/a5/7279055cf004561894ed3a7bfdf5bf90a53f28fadd01af7cd166e88ddf16/google_crc32c-1.7.1-cp312-cp312-manylinux_2_17_x86_64.manylinux2014_x86_64.whl", hash = "sha256:b6d86616faaea68101195c6bdc40c494e4d76f41e07a37ffdef270879c15fb65", size = 32794, upload-time = "2025-03-26T14:41:33.264Z" },
    { url = "https://files.pythonhosted.org/packages/0f/d6/77060dbd140c624e42ae3ece3df53b9d811000729a5c821b9fd671ceaac6/google_crc32c-1.7.1-cp312-cp312-win_amd64.whl", hash = "sha256:b7491bdc0c7564fcf48c0179d2048ab2f7c7ba36b84ccd3a3e1c3f7a72d3bba6", size = 33477, upload-time = "2025-03-26T14:29:10.94Z" },
]

[[package]]
name = "google-resumable-media"
version = "2.7.2"
source = { registry = "https://pypi.org/simple" }
dependencies = [
    { name = "google-crc32c" },
]
sdist = { url = "https://files.pythonhosted.org/packages/58/5a/0efdc02665dca14e0837b62c8a1a93132c264bd02054a15abb2218afe0ae/google_resumable_media-2.7.2.tar.gz", hash = "sha256:5280aed4629f2b60b847b0d42f9857fd4935c11af266744df33d8074cae92fe0", size = 2163099, upload-time = "2024-08-07T22:20:38.555Z" }
wheels = [
    { url = "https://files.pythonhosted.org/packages/82/35/b8d3baf8c46695858cb9d8835a53baa1eeb9906ddaf2f728a5f5b640fd1e/google_resumable_media-2.7.2-py2.py3-none-any.whl", hash = "sha256:3ce7551e9fe6d99e9a126101d2536612bb73486721951e9562fee0f90c6ababa", size = 81251, upload-time = "2024-08-07T22:20:36.409Z" },
]

[[package]]
name = "googleapis-common-protos"
version = "1.70.0"
source = { registry = "https://pypi.org/simple" }
dependencies = [
    { name = "protobuf" },
]
sdist = { url = "https://files.pythonhosted.org/packages/39/24/33db22342cf4a2ea27c9955e6713140fedd51e8b141b5ce5260897020f1a/googleapis_common_protos-1.70.0.tar.gz", hash = "sha256:0e1b44e0ea153e6594f9f394fef15193a68aaaea2d843f83e2742717ca753257", size = 145903, upload-time = "2025-04-14T10:17:02.924Z" }
wheels = [
    { url = "https://files.pythonhosted.org/packages/86/f1/62a193f0227cf15a920390abe675f386dec35f7ae3ffe6da582d3ade42c7/googleapis_common_protos-1.70.0-py3-none-any.whl", hash = "sha256:b8bfcca8c25a2bb253e0e0b0adaf8c00773e5e6af6fd92397576680b807e0fd8", size = 294530, upload-time = "2025-04-14T10:17:01.271Z" },
]

[[package]]
name = "grpcio"
version = "1.74.0"
source = { registry = "https://pypi.org/simple" }
sdist = { url = "https://files.pythonhosted.org/packages/38/b4/35feb8f7cab7239c5b94bd2db71abb3d6adb5f335ad8f131abb6060840b6/grpcio-1.74.0.tar.gz", hash = "sha256:80d1f4fbb35b0742d3e3d3bb654b7381cd5f015f8497279a1e9c21ba623e01b1", size = 12756048, upload-time = "2025-07-24T18:54:23.039Z" }
wheels = [
    { url = "https://files.pythonhosted.org/packages/4c/5d/e504d5d5c4469823504f65687d6c8fb97b7f7bf0b34873b7598f1df24630/grpcio-1.74.0-cp312-cp312-linux_armv7l.whl", hash = "sha256:8533e6e9c5bd630ca98062e3a1326249e6ada07d05acf191a77bc33f8948f3d8", size = 5445551, upload-time = "2025-07-24T18:53:23.641Z" },
    { url = "https://files.pythonhosted.org/packages/43/01/730e37056f96f2f6ce9f17999af1556df62ee8dab7fa48bceeaab5fd3008/grpcio-1.74.0-cp312-cp312-macosx_11_0_universal2.whl", hash = "sha256:2918948864fec2a11721d91568effffbe0a02b23ecd57f281391d986847982f6", size = 10979810, upload-time = "2025-07-24T18:53:25.349Z" },
    { url = "https://files.pythonhosted.org/packages/79/3d/09fd100473ea5c47083889ca47ffd356576173ec134312f6aa0e13111dee/grpcio-1.74.0-cp312-cp312-manylinux_2_17_aarch64.whl", hash = "sha256:60d2d48b0580e70d2e1954d0d19fa3c2e60dd7cbed826aca104fff518310d1c5", size = 5941946, upload-time = "2025-07-24T18:53:27.387Z" },
    { url = "https://files.pythonhosted.org/packages/8a/99/12d2cca0a63c874c6d3d195629dcd85cdf5d6f98a30d8db44271f8a97b93/grpcio-1.74.0-cp312-cp312-manylinux_2_17_i686.manylinux2014_i686.whl", hash = "sha256:3601274bc0523f6dc07666c0e01682c94472402ac2fd1226fd96e079863bfa49", size = 6621763, upload-time = "2025-07-24T18:53:29.193Z" },
    { url = "https://files.pythonhosted.org/packages/9d/2c/930b0e7a2f1029bbc193443c7bc4dc2a46fedb0203c8793dcd97081f1520/grpcio-1.74.0-cp312-cp312-manylinux_2_17_x86_64.manylinux2014_x86_64.whl", hash = "sha256:176d60a5168d7948539def20b2a3adcce67d72454d9ae05969a2e73f3a0feee7", size = 6180664, upload-time = "2025-07-24T18:53:30.823Z" },
    { url = "https://files.pythonhosted.org/packages/db/d5/ff8a2442180ad0867717e670f5ec42bfd8d38b92158ad6bcd864e6d4b1ed/grpcio-1.74.0-cp312-cp312-musllinux_1_1_aarch64.whl", hash = "sha256:e759f9e8bc908aaae0412642afe5416c9f983a80499448fcc7fab8692ae044c3", size = 6301083, upload-time = "2025-07-24T18:53:32.454Z" },
    { url = "https://files.pythonhosted.org/packages/b0/ba/b361d390451a37ca118e4ec7dccec690422e05bc85fba2ec72b06cefec9f/grpcio-1.74.0-cp312-cp312-musllinux_1_1_i686.whl", hash = "sha256:9e7c4389771855a92934b2846bd807fc25a3dfa820fd912fe6bd8136026b2707", size = 6994132, upload-time = "2025-07-24T18:53:34.506Z" },
    { url = "https://files.pythonhosted.org/packages/3b/0c/3a5fa47d2437a44ced74141795ac0251bbddeae74bf81df3447edd767d27/grpcio-1.74.0-cp312-cp312-musllinux_1_1_x86_64.whl", hash = "sha256:cce634b10aeab37010449124814b05a62fb5f18928ca878f1bf4750d1f0c815b", size = 6489616, upload-time = "2025-07-24T18:53:36.217Z" },
    { url = "https://files.pythonhosted.org/packages/ae/95/ab64703b436d99dc5217228babc76047d60e9ad14df129e307b5fec81fd0/grpcio-1.74.0-cp312-cp312-win32.whl", hash = "sha256:885912559974df35d92219e2dc98f51a16a48395f37b92865ad45186f294096c", size = 3807083, upload-time = "2025-07-24T18:53:37.911Z" },
    { url = "https://files.pythonhosted.org/packages/84/59/900aa2445891fc47a33f7d2f76e00ca5d6ae6584b20d19af9c06fa09bf9a/grpcio-1.74.0-cp312-cp312-win_amd64.whl", hash = "sha256:42f8fee287427b94be63d916c90399ed310ed10aadbf9e2e5538b3e497d269bc", size = 4490123, upload-time = "2025-07-24T18:53:39.528Z" },
]

[[package]]
name = "grpcio-status"
version = "1.74.0"
source = { registry = "https://pypi.org/simple" }
dependencies = [
    { name = "googleapis-common-protos" },
    { name = "grpcio" },
    { name = "protobuf" },
]
sdist = { url = "https://files.pythonhosted.org/packages/93/22/238c5f01e6837df54494deb08d5c772bc3f5bf5fb80a15dce254892d1a81/grpcio_status-1.74.0.tar.gz", hash = "sha256:c58c1b24aa454e30f1fc6a7e0dbbc194c54a408143971a94b5f4e40bb5831432", size = 13662, upload-time = "2025-07-24T19:01:56.874Z" }
wheels = [
    { url = "https://files.pythonhosted.org/packages/28/aa/1b1fe7d8ab699e1ec26d3a36b91d3df9f83a30abc07d4c881d0296b17b67/grpcio_status-1.74.0-py3-none-any.whl", hash = "sha256:52cdbd759a6760fc8f668098a03f208f493dd5c76bf8e02598bbbaf1f6fc2876", size = 14425, upload-time = "2025-07-24T19:01:19.963Z" },
]

[[package]]
name = "idna"
version = "3.10"
source = { registry = "https://pypi.org/simple" }
sdist = { url = "https://files.pythonhosted.org/packages/f1/70/7703c29685631f5a7590aa73f1f1d3fa9a380e654b86af429e0934a32f7d/idna-3.10.tar.gz", hash = "sha256:12f65c9b470abda6dc35cf8e63cc574b1c52b11df2c86030af0ac09b01b13ea9", size = 190490, upload-time = "2024-09-15T18:07:39.745Z" }
wheels = [
    { url = "https://files.pythonhosted.org/packages/76/c6/c88e154df9c4e1a2a66ccf0005a88dfb2650c1dffb6f5ce603dfbd452ce3/idna-3.10-py3-none-any.whl", hash = "sha256:946d195a0d259cbba61165e88e65941f16e9b36ea6ddb97f00452bae8b1287d3", size = 70442, upload-time = "2024-09-15T18:07:37.964Z" },
]

[[package]]
name = "proto-plus"
version = "1.26.1"
source = { registry = "https://pypi.org/simple" }
dependencies = [
    { name = "protobuf" },
]
sdist = { url = "https://files.pythonhosted.org/packages/f4/ac/87285f15f7cce6d4a008f33f1757fb5a13611ea8914eb58c3d0d26243468/proto_plus-1.26.1.tar.gz", hash = "sha256:21a515a4c4c0088a773899e23c7bbade3d18f9c66c73edd4c7ee3816bc96a012", size = 56142, upload-time = "2025-03-10T15:54:38.843Z" }
wheels = [
    { url = "https://files.pythonhosted.org/packages/4e/6d/280c4c2ce28b1593a19ad5239c8b826871fc6ec275c21afc8e1820108039/proto_plus-1.26.1-py3-none-any.whl", hash = "sha256:13285478c2dcf2abb829db158e1047e2f1e8d63a077d94263c2b88b043c75a66", size = 50163, upload-time = "2025-03-10T15:54:37.335Z" },
]

[[package]]
name = "protobuf"
version = "6.32.0"
source = { registry = "https://pypi.org/simple" }
sdist = { url = "https://files.pythonhosted.org/packages/c0/df/fb4a8eeea482eca989b51cffd274aac2ee24e825f0bf3cbce5281fa1567b/protobuf-6.32.0.tar.gz", hash = "sha256:a81439049127067fc49ec1d36e25c6ee1d1a2b7be930675f919258d03c04e7d2", size = 440614, upload-time = "2025-08-14T21:21:25.015Z" }
wheels = [
    { url = "https://files.pythonhosted.org/packages/33/18/df8c87da2e47f4f1dcc5153a81cd6bca4e429803f4069a299e236e4dd510/protobuf-6.32.0-cp310-abi3-win32.whl", hash = "sha256:84f9e3c1ff6fb0308dbacb0950d8aa90694b0d0ee68e75719cb044b7078fe741", size = 424409, upload-time = "2025-08-14T21:21:12.366Z" },
    { url = "https://files.pythonhosted.org/packages/e1/59/0a820b7310f8139bd8d5a9388e6a38e1786d179d6f33998448609296c229/protobuf-6.32.0-cp310-abi3-win_amd64.whl", hash = "sha256:a8bdbb2f009cfc22a36d031f22a625a38b615b5e19e558a7b756b3279723e68e", size = 435735, upload-time = "2025-08-14T21:21:15.046Z" },
    { url = "https://files.pythonhosted.org/packages/cc/5b/0d421533c59c789e9c9894683efac582c06246bf24bb26b753b149bd88e4/protobuf-6.32.0-cp39-abi3-macosx_10_9_universal2.whl", hash = "sha256:d52691e5bee6c860fff9a1c86ad26a13afbeb4b168cd4445c922b7e2cf85aaf0", size = 426449, upload-time = "2025-08-14T21:21:16.687Z" },
    { url = "https://files.pythonhosted.org/packages/ec/7b/607764ebe6c7a23dcee06e054fd1de3d5841b7648a90fd6def9a3bb58c5e/protobuf-6.32.0-cp39-abi3-manylinux2014_aarch64.whl", hash = "sha256:501fe6372fd1c8ea2a30b4d9be8f87955a64d6be9c88a973996cef5ef6f0abf1", size = 322869, upload-time = "2025-08-14T21:21:18.282Z" },
    { url = "https://files.pythonhosted.org/packages/40/01/2e730bd1c25392fc32e3268e02446f0d77cb51a2c3a8486b1798e34d5805/protobuf-6.32.0-cp39-abi3-manylinux2014_x86_64.whl", hash = "sha256:75a2aab2bd1aeb1f5dc7c5f33bcb11d82ea8c055c9becbb41c26a8c43fd7092c", size = 322009, upload-time = "2025-08-14T21:21:19.893Z" },
    { url = "https://files.pythonhosted.org/packages/9c/f2/80ffc4677aac1bc3519b26bc7f7f5de7fce0ee2f7e36e59e27d8beb32dd1/protobuf-6.32.0-py3-none-any.whl", hash = "sha256:ba377e5b67b908c8f3072a57b63e2c6a4cbd18aea4ed98d2584350dbf46f2783", size = 169287, upload-time = "2025-08-14T21:21:23.515Z" },
]

[[package]]
name = "pyasn1"
version = "0.6.1"
source = { registry = "https://pypi.org/simple" }
sdist = { url = "https://files.pythonhosted.org/packages/ba/e9/01f1a64245b89f039897cb0130016d79f77d52669aae6ee7b159a6c4c018/pyasn1-0.6.1.tar.gz", hash = "sha256:6f580d2bdd84365380830acf45550f2511469f673cb4a5ae3857a3170128b034", size = 145322, upload-time = "2024-09-10T22:41:42.55Z" }
wheels = [
    { url = "https://files.pythonhosted.org/packages/c8/f1/d6a797abb14f6283c0ddff96bbdd46937f64122b8c925cab503dd37f8214/pyasn1-0.6.1-py3-none-any.whl", hash = "sha256:0d632f46f2ba09143da3a8afe9e33fb6f92fa2320ab7e886e2d0f7672af84629", size = 83135, upload-time = "2024-09-11T16:00:36.122Z" },
]

[[package]]
name = "pyasn1-modules"
version = "0.4.2"
source = { registry = "https://pypi.org/simple" }
dependencies = [
    { name = "pyasn1" },
]
sdist = { url = "https://files.pythonhosted.org/packages/e9/e6/78ebbb10a8c8e4b61a59249394a4a594c1a7af95593dc933a349c8d00964/pyasn1_modules-0.4.2.tar.gz", hash = "sha256:677091de870a80aae844b1ca6134f54652fa2c8c5a52aa396440ac3106e941e6", size = 307892, upload-time = "2025-03-28T02:41:22.17Z" }
wheels = [
    { url = "https://files.pythonhosted.org/packages/47/8d/d529b5d697919ba8c11ad626e835d4039be708a35b0d22de83a269a6682c/pyasn1_modules-0.4.2-py3-none-any.whl", hash = "sha256:29253a9207ce32b64c3ac6600edc75368f98473906e8fd1043bd6b5b1de2c14a", size = 181259, upload-time = "2025-03-28T02:41:19.028Z" },
]

[[package]]
name = "requests"
version = "2.32.5"
source = { registry = "https://pypi.org/simple" }
dependencies = [
    { name = "certifi" },
    { name = "charset-normalizer" },
    { name = "idna" },
    { name = "urllib3" },
]
sdist = { url = "https://files.pythonhosted.org/packages/c9/74/b3ff8e6c8446842c3f5c837e9c3dfcfe2018ea6ecef224c710c85ef728f4/requests-2.32.5.tar.gz", hash = "sha256:dbba0bac56e100853db0ea71b82b4dfd5fe2bf6d3754a8893c3af500cec7d7cf", size = 134517, upload-time = "2025-08-18T20:46:02.573Z" }
wheels = [
    { url = "https://files.pythonhosted.org/packages/1e/db/4254e3eabe8020b458f1a747140d32277ec7a271daf1d235b70dc0b4e6e3/requests-2.32.5-py3-none-any.whl", hash = "sha256:2462f94637a34fd532264295e186976db0f5d453d1cdd31473c85a6a161affb6", size = 64738, upload-time = "2025-08-18T20:46:00.542Z" },
]

[[package]]
name = "rsa"
version = "4.9.1"
source = { registry = "https://pypi.org/simple" }
dependencies = [
    { name = "pyasn1" },
]
sdist = { url = "https://files.pythonhosted.org/packages/da/8a/22b7beea3ee0d44b1916c0c1cb0ee3af23b700b6da9f04991899d0c555d4/rsa-4.9.1.tar.gz", hash = "sha256:e7bdbfdb5497da4c07dfd35530e1a902659db6ff241e39d9953cad06ebd0ae75", size = 29034, upload-time = "2025-04-16T09:51:18.218Z" }
wheels = [
    { url = "https://files.pythonhosted.org/packages/64/8d/0133e4eb4beed9e425d9a98ed6e081a55d195481b7632472be1af08d2f6b/rsa-4.9.1-py3-none-any.whl", hash = "sha256:68635866661c6836b8d39430f97a996acbd61bfa49406748ea243539fe239762", size = 34696, upload-time = "2025-04-16T09:51:17.142Z" },
]

[[package]]
name = "urllib3"
version = "2.5.0"
source = { registry = "https://pypi.org/simple" }
sdist = { url = "https://files.pythonhosted.org/packages/15/22/9ee70a2574a4f4599c47dd506532914ce044817c7752a79b6a51286319bc/urllib3-2.5.0.tar.gz", hash = "sha256:3fc47733c7e419d4bc3f6b3dc2b4f890bb743906a30d56ba4a5bfa4bbff92760", size = 393185, upload-time = "2025-06-18T14:07:41.644Z" }
wheels = [
    { url = "https://files.pythonhosted.org/packages/a7/c2/fe1e52489ae3122415c51f387e221dd0773709bad6c6cdaa599e8a2c5185/urllib3-2.5.0-py3-none-any.whl", hash = "sha256:e6b01673c0fa6a13e374b50871808eb3bf7046c4b125b216f6bf1cc604cff0dc", size = 129795, upload-time = "2025-06-18T14:07:40.39Z" },
]
